
Microsoft Visual Studio Solution File, Format Version 12.00
# Visual Studio 15
VisualStudioVersion = 15.0.28307.902
MinimumVisualStudioVersion = 10.0.40219.1
Project("{FAE04EC0-301F-11D3-BF4B-00C04F79EFBC}") = "assignment4(2)", "assignment4(2)\assignment4(2).csproj", "{5617841B-0428-4CAD-AA24-F7764ED785D6}"
EndProject
Global
	GlobalSection(SolutionConfigurationPlatforms) = preSolution
		Debug|Any CPU = Debug|Any CPU
		Release|Any CPU = Release|Any CPU
	EndGlobalSection
	GlobalSection(ProjectConfigurationPlatforms) = postSolution
		{5617841B-0428-4CAD-AA24-F7764ED785D6}.Debug|Any CPU.ActiveCfg = Debug|Any CPU
		{5617841B-0428-4CAD-AA24-F7764ED785D6}.Debug|Any CPU.Build.0 = Debug|Any CPU
		{5617841B-0428-4CAD-AA24-F7764ED785D6}.Release|Any CPU.ActiveCfg = Release|Any CPU
		{5617841B-0428-4CAD-AA24-F7764ED785D6}.Release|Any CPU.Build.0 = Release|Any CPU
	EndGlobalSection
	GlobalSection(SolutionProperties) = preSolution
		HideSolutionNode = FALSE
	EndGlobalSection
	GlobalSection(ExtensibilityGlobals) = postSolution
		SolutionGuid = {AA7EF446-2BE0-422F-B804-D8D0FB3761BC}
	EndGlobalSection
EndGlobal
